
Microsoft Visual Studio Solution File, Format Version 12.00
# Visual Studio Version 17
VisualStudioVersion = 17.7.34031.279
MinimumVisualStudioVersion = 10.0.40219.1
Project("{FAE04EC0-301F-11D3-BF4B-00C04F79EFBC}") = "KB11889_BlazorWasmApp1", "KB11889_BlazorWasmApp1\KB11889_BlazorWasmApp1.csproj", "{F89BB039-2593-4762-BE0E-6C7AE1D9078F}"
EndProject
Global
	GlobalSection(SolutionConfigurationPlatforms) = preSolution
		Debug|Any CPU = Debug|Any CPU
		Release|Any CPU = Release|Any CPU
	EndGlobalSection
	GlobalSection(ProjectConfigurationPlatforms) = postSolution
		{F89BB039-2593-4762-BE0E-6C7AE1D9078F}.Debug|Any CPU.ActiveCfg = Debug|Any CPU
		{F89BB039-2593-4762-BE0E-6C7AE1D9078F}.Debug|Any CPU.Build.0 = Debug|Any CPU
		{F89BB039-2593-4762-BE0E-6C7AE1D9078F}.Release|Any CPU.ActiveCfg = Release|Any CPU
		{F89BB039-2593-4762-BE0E-6C7AE1D9078F}.Release|Any CPU.Build.0 = Release|Any CPU
	EndGlobalSection
	GlobalSection(SolutionProperties) = preSolution
		HideSolutionNode = FALSE
	EndGlobalSection
	GlobalSection(ExtensibilityGlobals) = postSolution
		SolutionGuid = {1A44DC63-1D72-4EA8-91D3-00F16AFAE41C}
	EndGlobalSection
EndGlobal
